// !$*UTF8*$!
{
	archiveVersion = 1;
	classes = {
	};
	objectVersion = 46;
	objects = {

/* Begin PBXGroup section */
		4C4025661EB7E73E00A8FEE4 = {
			isa = PBXGroup;
			children = (
			);
			sourceTree = "<group>";
		};
/* End PBXGroup section */

/* Begin PBXProject section */
		4C4025671EB7E73E00A8FEE4 /* Project object */ = {
			isa = PBXProject;
			attributes = {
				LastUpgradeCheck = 0830;
			};
			buildConfigurationList = 4C40256A1EB7E73E00A8FEE4 /* Build configuration list for PBXProject "machine" */;
			compatibilityVersion = "Xcode 3.2";
			developmentRegion = English;
			hasScannedForEncodings = 0;
			knownRegions = (
				en,
			);
			mainGroup = 4C4025661EB7E73E00A8FEE4;
			projectDirPath = "";
			projectRoot = "";
			targets = (
			);
		};
/* End PBXProject section */

/* Begin XCBuildConfiguration section */
		4C40256B1EB7E73E00A8FEE4 /* Debug */ = {
			isa = XCBuildConfiguration;
			buildSettings = {
			};
			name = Debug;
		};
		4C40256C1EB7E73E00A8FEE4 /* Release */ = {
			isa = XCBuildConfiguration;
			buildSettings = {
			};
			name = Release;
		};
/* End XCBuildConfiguration section */

/* Begin XCConfigurationList section */
		4C40256A1EB7E73E00A8FEE4 /* Build configuration list for PBXProject "machine" */ = {
			isa = XCConfigurationList;
			buildConfigurations = (
				4C40256B1EB7E73E00A8FEE4 /* Debug */,
				4C40256C1EB7E73E00A8FEE4 /* Release */,
			);
			defaultConfigurationIsVisible = 0;
			defaultConfigurationName = Release;
		};
/* End XCConfigurationList section */
	};
	rootObject = 4C4025671EB7E73E00A8FEE4 /* Project object */;
}
